
Microsoft Visual Studio Solution File, Format Version 12.00
# Visual Studio Version 17
VisualStudioVersion = 17.8.34330.188
MinimumVisualStudioVersion = 10.0.40219.1
Project("{FAE04EC0-301F-11D3-BF4B-00C04F79EFBC}") = "Zegar.Android", "Zegar.Android\Zegar.Android.csproj", "{34A8FF7A-696F-40F8-8F3F-A85DCE0D3FE3}"
EndProject
Project("{FAE04EC0-301F-11D3-BF4B-00C04F79EFBC}") = "Zegar", "Zegar\Zegar.csproj", "{40AA1018-BAA7-4616-A002-4EF4F5A5473E}"
EndProject
Global
	GlobalSection(SolutionConfigurationPlatforms) = preSolution
		Debug|Any CPU = Debug|Any CPU
		Release|Any CPU = Release|Any CPU
	EndGlobalSection
	GlobalSection(ProjectConfigurationPlatforms) = postSolution
		{34A8FF7A-696F-40F8-8F3F-A85DCE0D3FE3}.Debug|Any CPU.ActiveCfg = Debug|Any CPU
		{34A8FF7A-696F-40F8-8F3F-A85DCE0D3FE3}.Debug|Any CPU.Build.0 = Debug|Any CPU
		{34A8FF7A-696F-40F8-8F3F-A85DCE0D3FE3}.Debug|Any CPU.Deploy.0 = Debug|Any CPU
		{34A8FF7A-696F-40F8-8F3F-A85DCE0D3FE3}.Release|Any CPU.ActiveCfg = Release|Any CPU
		{34A8FF7A-696F-40F8-8F3F-A85DCE0D3FE3}.Release|Any CPU.Build.0 = Release|Any CPU
		{34A8FF7A-696F-40F8-8F3F-A85DCE0D3FE3}.Release|Any CPU.Deploy.0 = Release|Any CPU
		{40AA1018-BAA7-4616-A002-4EF4F5A5473E}.Debug|Any CPU.ActiveCfg = Debug|Any CPU
		{40AA1018-BAA7-4616-A002-4EF4F5A5473E}.Debug|Any CPU.Build.0 = Debug|Any CPU
		{40AA1018-BAA7-4616-A002-4EF4F5A5473E}.Debug|Any CPU.Deploy.0 = Debug|Any CPU
		{40AA1018-BAA7-4616-A002-4EF4F5A5473E}.Release|Any CPU.ActiveCfg = Release|Any CPU
		{40AA1018-BAA7-4616-A002-4EF4F5A5473E}.Release|Any CPU.Build.0 = Release|Any CPU
		{40AA1018-BAA7-4616-A002-4EF4F5A5473E}.Release|Any CPU.Deploy.0 = Release|Any CPU
	EndGlobalSection
	GlobalSection(SolutionProperties) = preSolution
		HideSolutionNode = FALSE
	EndGlobalSection
	GlobalSection(ExtensibilityGlobals) = postSolution
		SolutionGuid = {2DF26056-6CA9-48D6-AC39-EAEF36724EC7}
	EndGlobalSection
EndGlobal
